
Microsoft Visual Studio Solution File, Format Version 12.00
# Visual Studio 14
VisualStudioVersion = 14.0.25420.1
MinimumVisualStudioVersion = 10.0.40219.1
Project("{FAE04EC0-301F-11D3-BF4B-00C04F79EFBC}") = "IMEHelper-Monogame", "IMEHelper\IMEHelper-Monogame.csproj", "{6939E543-86FD-4148-8B30-F47803B2A541}"
EndProject
Project("{FAE04EC0-301F-11D3-BF4B-00C04F79EFBC}") = "IMEHelperTest-Monogame", "IMEHelperTest\IMEHelperTest\IMEHelperTest-Monogame.csproj", "{0FDF6B09-E62E-485E-9039-D6C01CD83886}"
EndProject
Global
	GlobalSection(SolutionConfigurationPlatforms) = preSolution
		Debug|Any CPU = Debug|Any CPU
		Release|Any CPU = Release|Any CPU
	EndGlobalSection
	GlobalSection(ProjectConfigurationPlatforms) = postSolution
		{6939E543-86FD-4148-8B30-F47803B2A541}.Debug|Any CPU.ActiveCfg = Debug|Any CPU
		{6939E543-86FD-4148-8B30-F47803B2A541}.Debug|Any CPU.Build.0 = Debug|Any CPU
		{6939E543-86FD-4148-8B30-F47803B2A541}.Release|Any CPU.ActiveCfg = Release|Any CPU
		{6939E543-86FD-4148-8B30-F47803B2A541}.Release|Any CPU.Build.0 = Release|Any CPU
		{0FDF6B09-E62E-485E-9039-D6C01CD83886}.Debug|Any CPU.ActiveCfg = Debug|Any CPU
		{0FDF6B09-E62E-485E-9039-D6C01CD83886}.Debug|Any CPU.Build.0 = Debug|Any CPU
		{0FDF6B09-E62E-485E-9039-D6C01CD83886}.Release|Any CPU.ActiveCfg = Release|Any CPU
		{0FDF6B09-E62E-485E-9039-D6C01CD83886}.Release|Any CPU.Build.0 = Release|Any CPU
	EndGlobalSection
	GlobalSection(SolutionProperties) = preSolution
		HideSolutionNode = FALSE
	EndGlobalSection
EndGlobal
